
Microsoft Visual Studio Solution File, Format Version 12.00
# Visual Studio 15
VisualStudioVersion = 15.0.28010.2046
MinimumVisualStudioVersion = 10.0.40219.1
Project("{FAE04EC0-301F-11D3-BF4B-00C04F79EFBC}") = "HelloWorld", "HelloWorld\HelloWorld.csproj", "{7D62743D-AAB3-47EC-B55B-D30F07AE6E45}"
EndProject
Project("{FAE04EC0-301F-11D3-BF4B-00C04F79EFBC}") = "People", "People\People.csproj", "{B48AA88F-B3B4-446B-B081-0DF7E9BAC890}"
EndProject
Global
	GlobalSection(SolutionConfigurationPlatforms) = preSolution
		Debug|Any CPU = Debug|Any CPU
		Release|Any CPU = Release|Any CPU
	EndGlobalSection
	GlobalSection(ProjectConfigurationPlatforms) = postSolution
		{7D62743D-AAB3-47EC-B55B-D30F07AE6E45}.Debug|Any CPU.ActiveCfg = Debug|Any CPU
		{7D62743D-AAB3-47EC-B55B-D30F07AE6E45}.Debug|Any CPU.Build.0 = Debug|Any CPU
		{7D62743D-AAB3-47EC-B55B-D30F07AE6E45}.Release|Any CPU.ActiveCfg = Release|Any CPU
		{7D62743D-AAB3-47EC-B55B-D30F07AE6E45}.Release|Any CPU.Build.0 = Release|Any CPU
		{B48AA88F-B3B4-446B-B081-0DF7E9BAC890}.Debug|Any CPU.ActiveCfg = Debug|Any CPU
		{B48AA88F-B3B4-446B-B081-0DF7E9BAC890}.Debug|Any CPU.Build.0 = Debug|Any CPU
		{B48AA88F-B3B4-446B-B081-0DF7E9BAC890}.Release|Any CPU.ActiveCfg = Release|Any CPU
		{B48AA88F-B3B4-446B-B081-0DF7E9BAC890}.Release|Any CPU.Build.0 = Release|Any CPU
	EndGlobalSection
	GlobalSection(SolutionProperties) = preSolution
		HideSolutionNode = FALSE
	EndGlobalSection
	GlobalSection(ExtensibilityGlobals) = postSolution
		SolutionGuid = {D813733D-68CA-4131-BFFF-C83D48836514}
	EndGlobalSection
EndGlobal
